// !$*UTF8*$!
{
	archiveVersion = 1;
	classes = {
	};
	objectVersion = 46;
	objects = {

/* Begin PBXBuildFile section */
		C331C4201CBB95BB0007401C /* AppDelegate.swift in Sources */ = {isa = PBXBuildFile; fileRef = C331C41F1CBB95BB0007401C /* AppDelegate.swift */; };
		C331C4221CBB95BB0007401C /* ViewController.swift in Sources */ = {isa = PBXBuildFile; fileRef = C331C4211CBB95BB0007401C /* ViewController.swift */; };
		C331C4241CBB95BB0007401C /* Assets.xcassets in Resources */ = {isa = PBXBuildFile; fileRef = C331C4231CBB95BB0007401C /* Assets.xcassets */; };
		C331C4271CBB95BB0007401C /* Main.storyboard in Resources */ = {isa = PBXBuildFile; fileRef = C331C4251CBB95BB0007401C /* Main.storyboard */; };
		C331C4321CBB95BB0007401C /* STarBarTests.swift in Sources */ = {isa = PBXBuildFile; fileRef = C331C4311CBB95BB0007401C /* STarBarTests.swift */; };
		C331C43D1CBB95BB0007401C /* STarBarUITests.swift in Sources */ = {isa = PBXBuildFile; fileRef = C331C43C1CBB95BB0007401C /* STarBarUITests.swift */; };
/* End PBXBuildFile section */

/* Begin PBXContainerItemProxy section */
		C331C42E1CBB95BB0007401C /* PBXContainerItemProxy */ = {
			isa = PBXContainerItemProxy;
			containerPortal = C331C4141CBB95BB0007401C /* Project object */;
			proxyType = 1;
			remoteGlobalIDString = C331C41B1CBB95BB0007401C;
			remoteInfo = STarBar;
		};
		C331C4391CBB95BB0007401C /* PBXContainerItemProxy */ = {
			isa = PBXContainerItemProxy;
			containerPortal = C331C4141CBB95BB0007401C /* Project object */;
			proxyType = 1;
			remoteGlobalIDString = C331C41B1CBB95BB0007401C;
			remoteInfo = STarBar;
		};
/* End PBXContainerItemProxy section */

/* Begin PBXFileReference section */
		C331C41C1CBB95BB0007401C /* STarBar.app */ = {isa = PBXFileReference; explicitFileType = wrapper.application; includeInIndex = 0; path = STarBar.app; sourceTree = BUILT_PRODUCTS_DIR; };
		C331C41F1CBB95BB0007401C /* AppDelegate.swift */ = {isa = PBXFileReference; lastKnownFileType = sourcecode.swift; path = AppDelegate.swift; sourceTree = "<group>"; };
		C331C4211CBB95BB0007401C /* ViewController.swift */ = {isa = PBXFileReference; lastKnownFileType = sourcecode.swift; path = ViewController.swift; sourceTree = "<group>"; };
		C331C4231CBB95BB0007401C /* Assets.xcassets */ = {isa = PBXFileReference; lastKnownFileType = folder.assetcatalog; path = Assets.xcassets; sourceTree = "<group>"; };
		C331C4261CBB95BB0007401C /* Base */ = {isa = PBXFileReference; lastKnownFileType = file.storyboard; name = Base; path = Base.lproj/Main.storyboard; sourceTree = "<group>"; };
		C331C4281CBB95BB0007401C /* Info.plist */ = {isa = PBXFileReference; lastKnownFileType = text.plist.xml; path = Info.plist; sourceTree = "<group>"; };
		C331C42D1CBB95BB0007401C /* STarBarTests.xctest */ = {isa = PBXFileReference; explicitFileType = wrapper.cfbundle; includeInIndex = 0; path = STarBarTests.xctest; sourceTree = BUILT_PRODUCTS_DIR; };
		C331C4311CBB95BB0007401C /* STarBarTests.swift */ = {isa = PBXFileReference; lastKnownFileType = sourcecode.swift; path = STarBarTests.swift; sourceTree = "<group>"; };
		C331C4331CBB95BB0007401C /* Info.plist */ = {isa = PBXFileReference; lastKnownFileType = text.plist.xml; path = Info.plist; sourceTree = "<group>"; };
		C331C4381CBB95BB0007401C /* STarBarUITests.xctest */ = {isa = PBXFileReference; explicitFileType = wrapper.cfbundle; includeInIndex = 0; path = STarBarUITests.xctest; sourceTree = BUILT_PRODUCTS_DIR; };
		C331C43C1CBB95BB0007401C /* STarBarUITests.swift */ = {isa = PBXFileReference; lastKnownFileType = sourcecode.swift; path = STarBarUITests.swift; sourceTree = "<group>"; };
		C331C43E1CBB95BB0007401C /* Info.plist */ = {isa = PBXFileReference; lastKnownFileType = text.plist.xml; path = Info.plist; sourceTree = "<group>"; };
/* End PBXFileReference section */

/* Begin PBXFrameworksBuildPhase section */
		C331C4191CBB95BB0007401C /* Frameworks */ = {
			isa = PBXFrameworksBuildPhase;
			buildActionMask = 2147483647;
			files = (
			);
			runOnlyForDeploymentPostprocessing = 0;
		};
		C331C42A1CBB95BB0007401C /* Frameworks */ = {
			isa = PBXFrameworksBuildPhase;
			buildActionMask = 2147483647;
			files = (
			);
			runOnlyForDeploymentPostprocessing = 0;
		};
		C331C4351CBB95BB0007401C /* Frameworks */ = {
			isa = PBXFrameworksBuildPhase;
			buildActionMask = 2147483647;
			files = (
			);
			runOnlyForDeploymentPostprocessing = 0;
		};
/* End PBXFrameworksBuildPhase section */

/* Begin PBXGroup section */
		C331C4131CBB95BB0007401C = {
			isa = PBXGroup;
			children = (
				C331C41E1CBB95BB0007401C /* STarBar */,
				C331C4301CBB95BB0007401C /* STarBarTests */,
				C331C43B1CBB95BB0007401C /* STarBarUITests */,
				C331C41D1CBB95BB0007401C /* Products */,
			);
			sourceTree = "<group>";
		};
		C331C41D1CBB95BB0007401C /* Products */ = {
			isa = PBXGroup;
			children = (
				C331C41C1CBB95BB0007401C /* STarBar.app */,
				C331C42D1CBB95BB0007401C /* STarBarTests.xctest */,
				C331C4381CBB95BB0007401C /* STarBarUITests.xctest */,
			);
			name = Products;
			sourceTree = "<group>";
		};
		C331C41E1CBB95BB0007401C /* STarBar */ = {
			isa = PBXGroup;
			children = (
				C331C41F1CBB95BB0007401C /* AppDelegate.swift */,
				C331C4211CBB95BB0007401C /* ViewController.swift */,
				C331C4231CBB95BB0007401C /* Assets.xcassets */,
				C331C4251CBB95BB0007401C /* Main.storyboard */,
				C331C4281CBB95BB0007401C /* Info.plist */,
			);
			path = STarBar;
			sourceTree = "<group>";
		};
		C331C4301CBB95BB0007401C /* STarBarTests */ = {
			isa = PBXGroup;
			children = (
				C331C4311CBB95BB0007401C /* STarBarTests.swift */,
				C331C4331CBB95BB0007401C /* Info.plist */,
			);
			path = STarBarTests;
			sourceTree = "<group>";
		};
		C331C43B1CBB95BB0007401C /* STarBarUITests */ = {
			isa = PBXGroup;
			children = (
				C331C43C1CBB95BB0007401C /* STarBarUITests.swift */,
				C331C43E1CBB95BB0007401C /* Info.plist */,
			);
			path = STarBarUITests;
			sourceTree = "<group>";
		};
/* End PBXGroup section */

/* Begin PBXNativeTarget section */
		C331C41B1CBB95BB0007401C /* STarBar */ = {
			isa = PBXNativeTarget;
			buildConfigurationList = C331C4411CBB95BB0007401C /* Build configuration list for PBXNativeTarget "STarBar" */;
			buildPhases = (
				C331C4181CBB95BB0007401C /* Sources */,
				C331C4191CBB95BB0007401C /* Frameworks */,
				C331C41A1CBB95BB0007401C /* Resources */,
			);
			buildRules = (
			);
			dependencies = (
			);
			name = STarBar;
			productName = STarBar;
			productReference = C331C41C1CBB95BB0007401C /* STarBar.app */;
			productType = "com.apple.product-type.application";
		};
		C331C42C1CBB95BB0007401C /* STarBarTests */ = {
			isa = PBXNativeTarget;
			buildConfigurationList = C331C4441CBB95BB0007401C /* Build configuration list for PBXNativeTarget "STarBarTests" */;
			buildPhases = (
				C331C4291CBB95BB0007401C /* Sources */,
				C331C42A1CBB95BB0007401C /* Frameworks */,
				C331C42B1CBB95BB0007401C /* Resources */,
			);
			buildRules = (
			);
			dependencies = (
				C331C42F1CBB95BB0007401C /* PBXTargetDependency */,
			);
			name = STarBarTests;
			productName = STarBarTests;
			productReference = C331C42D1CBB95BB0007401C /* STarBarTests.xctest */;
			productType = "com.apple.product-type.bundle.unit-test";
		};
		C331C4371CBB95BB0007401C /* STarBarUITests */ = {
			isa = PBXNativeTarget;
			buildConfigurationList = C331C4471CBB95BB0007401C /* Build configuration list for PBXNativeTarget "STarBarUITests" */;
			buildPhases = (
				C331C4341CBB95BB0007401C /* Sources */,
				C331C4351CBB95BB0007401C /* Frameworks */,
				C331C4361CBB95BB0007401C /* Resources */,
			);
			buildRules = (
			);
			dependencies = (
				C331C43A1CBB95BB0007401C /* PBXTargetDependency */,
			);
			name = STarBarUITests;
			productName = STarBarUITests;
			productReference = C331C4381CBB95BB0007401C /* STarBarUITests.xctest */;
			productType = "com.apple.product-type.bundle.ui-testing";
		};
/* End PBXNativeTarget section */

/* Begin PBXProject section */
		C331C4141CBB95BB0007401C /* Project object */ = {
			isa = PBXProject;
			attributes = {
				LastSwiftUpdateCheck = 0730;
				LastUpgradeCheck = 0730;
				ORGANIZATIONNAME = "Carl Poole";
				TargetAttributes = {
					C331C41B1CBB95BB0007401C = {
						CreatedOnToolsVersion = 7.3;
					};
					C331C42C1CBB95BB0007401C = {
						CreatedOnToolsVersion = 7.3;
						TestTargetID = C331C41B1CBB95BB0007401C;
					};
					C331C4371CBB95BB0007401C = {
						CreatedOnToolsVersion = 7.3;
						TestTargetID = C331C41B1CBB95BB0007401C;
					};
				};
			};
			buildConfigurationList = C331C4171CBB95BB0007401C /* Build configuration list for PBXProject "STarBar" */;
			compatibilityVersion = "Xcode 3.2";
			developmentRegion = English;
			hasScannedForEncodings = 0;
			knownRegions = (
				en,
				Base,
			);
			mainGroup = C331C4131CBB95BB0007401C;
			productRefGroup = C331C41D1CBB95BB0007401C /* Products */;
			projectDirPath = "";
			projectRoot = "";
			targets = (
				C331C41B1CBB95BB0007401C /* STarBar */,
				C331C42C1CBB95BB0007401C /* STarBarTests */,
				C331C4371CBB95BB0007401C /* STarBarUITests */,
			);
		};
/* End PBXProject section */

/* Begin PBXResourcesBuildPhase section */
		C331C41A1CBB95BB0007401C /* Resources */ = {
			isa = PBXResourcesBuildPhase;
			buildActionMask = 2147483647;
			files = (
				C331C4241CBB95BB0007401C /* Assets.xcassets in Resources */,
				C331C4271CBB95BB0007401C /* Main.storyboard in Resources */,
			);
			runOnlyForDeploymentPostprocessing = 0;
		};
		C331C42B1CBB95BB0007401C /* Resources */ = {
			isa = PBXResourcesBuildPhase;
			buildActionMask = 2147483647;
			files = (
			);
			runOnlyForDeploymentPostprocessing = 0;
		};
		C331C4361CBB95BB0007401C /* Resources */ = {
			isa = PBXResourcesBuildPhase;
			buildActionMask = 2147483647;
			files = (
			);
			runOnlyForDeploymentPostprocessing = 0;
		};
/* End PBXResourcesBuildPhase section */

/* Begin PBXSourcesBuildPhase section */
		C331C4181CBB95BB0007401C /* Sources */ = {
			isa = PBXSourcesBuildPhase;
			buildActionMask = 2147483647;
			files = (
				C331C4221CBB95BB0007401C /* ViewController.swift in Sources */,
				C331C4201CBB95BB0007401C /* AppDelegate.swift in Sources */,
			);
			runOnlyForDeploymentPostprocessing = 0;
		};
		C331C4291CBB95BB0007401C /* Sources */ = {
			isa = PBXSourcesBuildPhase;
			buildActionMask = 2147483647;
			files = (
				C331C4321CBB95BB0007401C /* STarBarTests.swift in Sources */,
			);
			runOnlyForDeploymentPostprocessing = 0;
		};
		C331C4341CBB95BB0007401C /* Sources */ = {
			isa = PBXSourcesBuildPhase;
			buildActionMask = 2147483647;
			files = (
				C331C43D1CBB95BB0007401C /* STarBarUITests.swift in Sources */,
			);
			runOnlyForDeploymentPostprocessing = 0;
		};
/* End PBXSourcesBuildPhase section */

/* Begin PBXTargetDependency section */
		C331C42F1CBB95BB0007401C /* PBXTargetDependency */ = {
			isa = PBXTargetDependency;
			target = C331C41B1CBB95BB0007401C /* STarBar */;
			targetProxy = C331C42E1CBB95BB0007401C /* PBXContainerItemProxy */;
		};
		C331C43A1CBB95BB0007401C /* PBXTargetDependency */ = {
			isa = PBXTargetDependency;
			target = C331C41B1CBB95BB0007401C /* STarBar */;
			targetProxy = C331C4391CBB95BB0007401C /* PBXContainerItemProxy */;
		};
/* End PBXTargetDependency section */

/* Begin PBXVariantGroup section */
		C331C4251CBB95BB0007401C /* Main.storyboard */ = {
			isa = PBXVariantGroup;
			children = (
				C331C4261CBB95BB0007401C /* Base */,
			);
			name = Main.storyboard;
			sourceTree = "<group>";
		};
/* End PBXVariantGroup section */

/* Begin XCBuildConfiguration section */
		C331C43F1CBB95BB0007401C /* Debug */ = {
			isa = XCBuildConfiguration;
			buildSettings = {
				ALWAYS_SEARCH_USER_PATHS = NO;
				CLANG_ANALYZER_NONNULL = YES;
				CLANG_CXX_LANGUAGE_STANDARD = "gnu++0x";
				CLANG_CXX_LIBRARY = "libc++";
				CLANG_ENABLE_MODULES = YES;
				CLANG_ENABLE_OBJC_ARC = YES;
				CLANG_WARN_BOOL_CONVERSION = YES;
				CLANG_WARN_CONSTANT_CONVERSION = YES;
				CLANG_WARN_DIRECT_OBJC_ISA_USAGE = YES_ERROR;
				CLANG_WARN_EMPTY_BODY = YES;
				CLANG_WARN_ENUM_CONVERSION = YES;
				CLANG_WARN_INT_CONVERSION = YES;
				CLANG_WARN_OBJC_ROOT_CLASS = YES_ERROR;
				CLANG_WARN_UNREACHABLE_CODE = YES;
				CLANG_WARN__DUPLICATE_METHOD_MATCH = YES;
				CODE_SIGN_IDENTITY = "-";
				COPY_PHASE_STRIP = NO;
				DEBUG_INFORMATION_FORMAT = dwarf;
				ENABLE_STRICT_OBJC_MSGSEND = YES;
				ENABLE_TESTABILITY = YES;
				GCC_C_LANGUAGE_STANDARD = gnu99;
				GCC_DYNAMIC_NO_PIC = NO;
				GCC_NO_COMMON_BLOCKS = YES;
				GCC_OPTIMIZATION_LEVEL = 0;
				GCC_PREPROCESSOR_DEFINITIONS = (
					"DEBUG=1",
					"$(inherited)",
				);
				GCC_WARN_64_TO_32_BIT_CONVERSION = YES;
				GCC_WARN_ABOUT_RETURN_TYPE = YES_ERROR;
				GCC_WARN_UNDECLARED_SELECTOR = YES;
				GCC_WARN_UNINITIALIZED_AUTOS = YES_AGGRESSIVE;
				GCC_WARN_UNUSED_FUNCTION = YES;
				GCC_WARN_UNUSED_VARIABLE = YES;
				MACOSX_DEPLOYMENT_TARGET = 10.11;
				MTL_ENABLE_DEBUG_INFO = YES;
				ONLY_ACTIVE_ARCH = YES;
				SDKROOT = macosx;
				SWIFT_OPTIMIZATION_LEVEL = "-Onone";
			};
			name = Debug;
		};
		C331C4401CBB95BB0007401C /* Release */ = {
			isa = XCBuildConfiguration;
			buildSettings = {
				ALWAYS_SEARCH_USER_PATHS = NO;
				CLANG_ANALYZER_NONNULL = YES;
				CLANG_CXX_LANGUAGE_STANDARD = "gnu++0x";
				CLANG_CXX_LIBRARY = "libc++";
				CLANG_ENABLE_MODULES = YES;
				CLANG_ENABLE_OBJC_ARC = YES;
				CLANG_WARN_BOOL_CONVERSION = YES;
				CLANG_WARN_CONSTANT_CONVERSION = YES;
				CLANG_WARN_DIRECT_OBJC_ISA_USAGE = YES_ERROR;
				CLANG_WARN_EMPTY_BODY = YES;
				CLANG_WARN_ENUM_CONVERSION = YES;
				CLANG_WARN_INT_CONVERSION = YES;
				CLANG_WARN_OBJC_ROOT_CLASS = YES_ERROR;
				CLANG_WARN_UNREACHABLE_CODE = YES;
				CLANG_WARN__DUPLICATE_METHOD_MATCH = YES;
				CODE_SIGN_IDENTITY = "-";
				COPY_PHASE_STRIP = NO;
				DEBUG_INFORMATION_FORMAT = "dwarf-with-dsym";
				ENABLE_NS_ASSERTIONS = NO;
				ENABLE_STRICT_OBJC_MSGSEND = YES;
				GCC_C_LANGUAGE_STANDARD = gnu99;
				GCC_NO_COMMON_BLOCKS = YES;
				GCC_WARN_64_TO_32_BIT_CONVERSION = YES;
				GCC_WARN_ABOUT_RETURN_TYPE = YES_ERROR;
				GCC_WARN_UNDECLARED_SELECTOR = YES;
				GCC_WARN_UNINITIALIZED_AUTOS = YES_AGGRESSIVE;
				GCC_WARN_UNUSED_FUNCTION = YES;
				GCC_WARN_UNUSED_VARIABLE = YES;
				MACOSX_DEPLOYMENT_TARGET = 10.11;
				MTL_ENABLE_DEBUG_INFO = NO;
				SDKROOT = macosx;
			};
			name = Release;
		};
		C331C4421CBB95BB0007401C /* Debug */ = {
			isa = XCBuildConfiguration;
			buildSettings = {
				ASSETCATALOG_COMPILER_APPICON_NAME = AppIcon;
				COMBINE_HIDPI_IMAGES = YES;
				INFOPLIST_FILE = STarBar/Info.plist;
				LD_RUNPATH_SEARCH_PATHS = "$(inherited) @executable_path/../Frameworks";
				PRODUCT_BUNDLE_IDENTIFIER = codes.carl.STarBar;
				PRODUCT_NAME = "$(TARGET_NAME)";
			};
			name = Debug;
		};
		C331C4431CBB95BB0007401C /* Release */ = {
			isa = XCBuildConfiguration;
			buildSettings = {
				ASSETCATALOG_COMPILER_APPICON_NAME = AppIcon;
				COMBINE_HIDPI_IMAGES = YES;
				INFOPLIST_FILE = STarBar/Info.plist;
				LD_RUNPATH_SEARCH_PATHS = "$(inherited) @executable_path/../Frameworks";
				PRODUCT_BUNDLE_IDENTIFIER = codes.carl.STarBar;
				PRODUCT_NAME = "$(TARGET_NAME)";
			};
			name = Release;
		};
		C331C4451CBB95BB0007401C /* Debug */ = {
			isa = XCBuildConfiguration;
			buildSettings = {
				BUNDLE_LOADER = "$(TEST_HOST)";
				COMBINE_HIDPI_IMAGES = YES;
				INFOPLIST_FILE = STarBarTests/Info.plist;
				LD_RUNPATH_SEARCH_PATHS = "$(inherited) @executable_path/../Frameworks @loader_path/../Frameworks";
				PRODUCT_BUNDLE_IDENTIFIER = codes.carl.STarBarTests;
				PRODUCT_NAME = "$(TARGET_NAME)";
				TEST_HOST = "$(BUILT_PRODUCTS_DIR)/STarBar.app/Contents/MacOS/STarBar";
			};
			name = Debug;
		};
		C331C4461CBB95BB0007401C /* Release */ = {
			isa = XCBuildConfiguration;
			buildSettings = {
				BUNDLE_LOADER = "$(TEST_HOST)";
				COMBINE_HIDPI_IMAGES = YES;
				INFOPLIST_FILE = STarBarTests/Info.plist;
				LD_RUNPATH_SEARCH_PATHS = "$(inherited) @executable_path/../Frameworks @loader_path/../Frameworks";
				PRODUCT_BUNDLE_IDENTIFIER = codes.carl.STarBarTests;
				PRODUCT_NAME = "$(TARGET_NAME)";
				TEST_HOST = "$(BUILT_PRODUCTS_DIR)/STarBar.app/Contents/MacOS/STarBar";
			};
			name = Release;
		};
		C331C4481CBB95BB0007401C /* Debug */ = {
			isa = XCBuildConfiguration;
			buildSettings = {
				COMBINE_HIDPI_IMAGES = YES;
				INFOPLIST_FILE = STarBarUITests/Info.plist;
				LD_RUNPATH_SEARCH_PATHS = "$(inherited) @executable_path/../Frameworks @loader_path/../Frameworks";
				PRODUCT_BUNDLE_IDENTIFIER = codes.carl.STarBarUITests;
				PRODUCT_NAME = "$(TARGET_NAME)";
				TEST_TARGET_NAME = STarBar;
			};
			name = Debug;
		};
		C331C4491CBB95BB0007401C /* Release */ = {
			isa = XCBuildConfiguration;
			buildSettings = {
				COMBINE_HIDPI_IMAGES = YES;
				INFOPLIST_FILE = STarBarUITests/Info.plist;
				LD_RUNPATH_SEARCH_PATHS = "$(inherited) @executable_path/../Frameworks @loader_path/../Frameworks";
				PRODUCT_BUNDLE_IDENTIFIER = codes.carl.STarBarUITests;
				PRODUCT_NAME = "$(TARGET_NAME)";
				TEST_TARGET_NAME = STarBar;
			};
			name = Release;
		};
/* End XCBuildConfiguration section */

/* Begin XCConfigurationList section */
		C331C4171CBB95BB0007401C /* Build configuration list for PBXProject "STarBar" */ = {
			isa = XCConfigurationList;
			buildConfigurations = (
				C331C43F1CBB95BB0007401C /* Debug */,
				C331C4401CBB95BB0007401C /* Release */,
			);
			defaultConfigurationIsVisible = 0;
			defaultConfigurationName = Release;
		};
		C331C4411CBB95BB0007401C /* Build configuration list for PBXNativeTarget "STarBar" */ = {
			isa = XCConfigurationList;
			buildConfigurations = (
				C331C4421CBB95BB0007401C /* Debug */,
				C331C4431CBB95BB0007401C /* Release */,
			);
			defaultConfigurationIsVisible = 0;
		};
		C331C4441CBB95BB0007401C /* Build configuration list for PBXNativeTarget "STarBarTests" */ = {
			isa = XCConfigurationList;
			buildConfigurations = (
				C331C4451CBB95BB0007401C /* Debug */,
				C331C4461CBB95BB0007401C /* Release */,
			);
			defaultConfigurationIsVisible = 0;
		};
		C331C4471CBB95BB0007401C /* Build configuration list for PBXNativeTarget "STarBarUITests" */ = {
			isa = XCConfigurationList;
			buildConfigurations = (
				C331C4481CBB95BB0007401C /* Debug */,
				C331C4491CBB95BB0007401C /* Release */,
			);
			defaultConfigurationIsVisible = 0;
		};
/* End XCConfigurationList section */
	};
	rootObject = C331C4141CBB95BB0007401C /* Project object */;
}
